// !$*UTF8*$!
{
	archiveVersion = 1;
	classes = {
	};
	objectVersion = 46;
	objects = {

/* Begin PBXBuildFile section */
		D80632541B60363500CE70D1 /* AppDelegate.swift in Sources */ = {isa = PBXBuildFile; fileRef = D80632531B60363500CE70D1 /* AppDelegate.swift */; };
		D80632561B60363500CE70D1 /* ViewController.swift in Sources */ = {isa = PBXBuildFile; fileRef = D80632551B60363500CE70D1 /* ViewController.swift */; };
		D80632591B60363500CE70D1 /* Main.storyboard in Resources */ = {isa = PBXBuildFile; fileRef = D80632571B60363500CE70D1 /* Main.storyboard */; };
		D806325B1B60363500CE70D1 /* Images.xcassets in Resources */ = {isa = PBXBuildFile; fileRef = D806325A1B60363500CE70D1 /* Images.xcassets */; };
		D806325E1B60363500CE70D1 /* LaunchScreen.xib in Resources */ = {isa = PBXBuildFile; fileRef = D806325C1B60363500CE70D1 /* LaunchScreen.xib */; };
		D806326A1B60363500CE70D1 /* My_favorite_placesTests.swift in Sources */ = {isa = PBXBuildFile; fileRef = D80632691B60363500CE70D1 /* My_favorite_placesTests.swift */; };
		D80632741B6044C500CE70D1 /* TableViewController.swift in Sources */ = {isa = PBXBuildFile; fileRef = D80632731B6044C500CE70D1 /* TableViewController.swift */; };
		D80632761B60454500CE70D1 /* CoreLocation.framework in Frameworks */ = {isa = PBXBuildFile; fileRef = D80632751B60454400CE70D1 /* CoreLocation.framework */; };
/* End PBXBuildFile section */

/* Begin PBXContainerItemProxy section */
		D80632641B60363500CE70D1 /* PBXContainerItemProxy */ = {
			isa = PBXContainerItemProxy;
			containerPortal = D80632461B60363500CE70D1 /* Project object */;
			proxyType = 1;
			remoteGlobalIDString = D806324D1B60363500CE70D1;
			remoteInfo = "My favorite places";
		};
/* End PBXContainerItemProxy section */

/* Begin PBXFileReference section */
		D806324E1B60363500CE70D1 /* My favorite places.app */ = {isa = PBXFileReference; explicitFileType = wrapper.application; includeInIndex = 0; path = "My favorite places.app"; sourceTree = BUILT_PRODUCTS_DIR; };
		D80632521B60363500CE70D1 /* Info.plist */ = {isa = PBXFileReference; lastKnownFileType = text.plist.xml; path = Info.plist; sourceTree = "<group>"; };
		D80632531B60363500CE70D1 /* AppDelegate.swift */ = {isa = PBXFileReference; lastKnownFileType = sourcecode.swift; path = AppDelegate.swift; sourceTree = "<group>"; };
		D80632551B60363500CE70D1 /* ViewController.swift */ = {isa = PBXFileReference; lastKnownFileType = sourcecode.swift; path = ViewController.swift; sourceTree = "<group>"; };
		D80632581B60363500CE70D1 /* Base */ = {isa = PBXFileReference; lastKnownFileType = file.storyboard; name = Base; path = Base.lproj/Main.storyboard; sourceTree = "<group>"; };
		D806325A1B60363500CE70D1 /* Images.xcassets */ = {isa = PBXFileReference; lastKnownFileType = folder.assetcatalog; path = Images.xcassets; sourceTree = "<group>"; };
		D806325D1B60363500CE70D1 /* Base */ = {isa = PBXFileReference; lastKnownFileType = file.xib; name = Base; path = Base.lproj/LaunchScreen.xib; sourceTree = "<group>"; };
		D80632631B60363500CE70D1 /* My favorite placesTests.xctest */ = {isa = PBXFileReference; explicitFileType = wrapper.cfbundle; includeInIndex = 0; path = "My favorite placesTests.xctest"; sourceTree = BUILT_PRODUCTS_DIR; };
		D80632681B60363500CE70D1 /* Info.plist */ = {isa = PBXFileReference; lastKnownFileType = text.plist.xml; path = Info.plist; sourceTree = "<group>"; };
		D80632691B60363500CE70D1 /* My_favorite_placesTests.swift */ = {isa = PBXFileReference; lastKnownFileType = sourcecode.swift; path = My_favorite_placesTests.swift; sourceTree = "<group>"; };
		D80632731B6044C500CE70D1 /* TableViewController.swift */ = {isa = PBXFileReference; fileEncoding = 4; lastKnownFileType = sourcecode.swift; path = TableViewController.swift; sourceTree = "<group>"; };
		D80632751B60454400CE70D1 /* CoreLocation.framework */ = {isa = PBXFileReference; lastKnownFileType = wrapper.framework; name = CoreLocation.framework; path = System/Library/Frameworks/CoreLocation.framework; sourceTree = SDKROOT; };
/* End PBXFileReference section */

/* Begin PBXFrameworksBuildPhase section */
		D806324B1B60363500CE70D1 /* Frameworks */ = {
			isa = PBXFrameworksBuildPhase;
			buildActionMask = 2147483647;
			files = (
				D80632761B60454500CE70D1 /* CoreLocation.framework in Frameworks */,
			);
			runOnlyForDeploymentPostprocessing = 0;
		};
		D80632601B60363500CE70D1 /* Frameworks */ = {
			isa = PBXFrameworksBuildPhase;
			buildActionMask = 2147483647;
			files = (
			);
			runOnlyForDeploymentPostprocessing = 0;
		};
/* End PBXFrameworksBuildPhase section */

/* Begin PBXGroup section */
		D80632451B60363500CE70D1 = {
			isa = PBXGroup;
			children = (
				D80632751B60454400CE70D1 /* CoreLocation.framework */,
				D80632501B60363500CE70D1 /* My favorite places */,
				D80632661B60363500CE70D1 /* My favorite placesTests */,
				D806324F1B60363500CE70D1 /* Products */,
			);
			sourceTree = "<group>";
		};
		D806324F1B60363500CE70D1 /* Products */ = {
			isa = PBXGroup;
			children = (
				D806324E1B60363500CE70D1 /* My favorite places.app */,
				D80632631B60363500CE70D1 /* My favorite placesTests.xctest */,
			);
			name = Products;
			sourceTree = "<group>";
		};
		D80632501B60363500CE70D1 /* My favorite places */ = {
			isa = PBXGroup;
			children = (
				D80632531B60363500CE70D1 /* AppDelegate.swift */,
				D80632551B60363500CE70D1 /* ViewController.swift */,
				D80632571B60363500CE70D1 /* Main.storyboard */,
				D80632731B6044C500CE70D1 /* TableViewController.swift */,
				D806325A1B60363500CE70D1 /* Images.xcassets */,
				D806325C1B60363500CE70D1 /* LaunchScreen.xib */,
				D80632511B60363500CE70D1 /* Supporting Files */,
			);
			path = "My favorite places";
			sourceTree = "<group>";
		};
		D80632511B60363500CE70D1 /* Supporting Files */ = {
			isa = PBXGroup;
			children = (
				D80632521B60363500CE70D1 /* Info.plist */,
			);
			name = "Supporting Files";
			sourceTree = "<group>";
		};
		D80632661B60363500CE70D1 /* My favorite placesTests */ = {
			isa = PBXGroup;
			children = (
				D80632691B60363500CE70D1 /* My_favorite_placesTests.swift */,
				D80632671B60363500CE70D1 /* Supporting Files */,
			);
			path = "My favorite placesTests";
			sourceTree = "<group>";
		};
		D80632671B60363500CE70D1 /* Supporting Files */ = {
			isa = PBXGroup;
			children = (
				D80632681B60363500CE70D1 /* Info.plist */,
			);
			name = "Supporting Files";
			sourceTree = "<group>";
		};
/* End PBXGroup section */

/* Begin PBXNativeTarget section */
		D806324D1B60363500CE70D1 /* My favorite places */ = {
			isa = PBXNativeTarget;
			buildConfigurationList = D806326D1B60363500CE70D1 /* Build configuration list for PBXNativeTarget "My favorite places" */;
			buildPhases = (
				D806324A1B60363500CE70D1 /* Sources */,
				D806324B1B60363500CE70D1 /* Frameworks */,
				D806324C1B60363500CE70D1 /* Resources */,
			);
			buildRules = (
			);
			dependencies = (
			);
			name = "My favorite places";
			productName = "My favorite places";
			productReference = D806324E1B60363500CE70D1 /* My favorite places.app */;
			productType = "com.apple.product-type.application";
		};
		D80632621B60363500CE70D1 /* My favorite placesTests */ = {
			isa = PBXNativeTarget;
			buildConfigurationList = D80632701B60363500CE70D1 /* Build configuration list for PBXNativeTarget "My favorite placesTests" */;
			buildPhases = (
				D806325F1B60363500CE70D1 /* Sources */,
				D80632601B60363500CE70D1 /* Frameworks */,
				D80632611B60363500CE70D1 /* Resources */,
			);
			buildRules = (
			);
			dependencies = (
				D80632651B60363500CE70D1 /* PBXTargetDependency */,
			);
			name = "My favorite placesTests";
			productName = "My favorite placesTests";
			productReference = D80632631B60363500CE70D1 /* My favorite placesTests.xctest */;
			productType = "com.apple.product-type.bundle.unit-test";
		};
/* End PBXNativeTarget section */

/* Begin PBXProject section */
		D80632461B60363500CE70D1 /* Project object */ = {
			isa = PBXProject;
			attributes = {
				LastUpgradeCheck = 0640;
				ORGANIZATIONNAME = yg;
				TargetAttributes = {
					D806324D1B60363500CE70D1 = {
						CreatedOnToolsVersion = 6.4;
					};
					D80632621B60363500CE70D1 = {
						CreatedOnToolsVersion = 6.4;
						TestTargetID = D806324D1B60363500CE70D1;
					};
				};
			};
			buildConfigurationList = D80632491B60363500CE70D1 /* Build configuration list for PBXProject "My favorite places" */;
			compatibilityVersion = "Xcode 3.2";
			developmentRegion = English;
			hasScannedForEncodings = 0;
			knownRegions = (
				en,
				Base,
			);
			mainGroup = D80632451B60363500CE70D1;
			productRefGroup = D806324F1B60363500CE70D1 /* Products */;
			projectDirPath = "";
			projectRoot = "";
			targets = (
				D806324D1B60363500CE70D1 /* My favorite places */,
				D80632621B60363500CE70D1 /* My favorite placesTests */,
			);
		};
/* End PBXProject section */

/* Begin PBXResourcesBuildPhase section */
		D806324C1B60363500CE70D1 /* Resources */ = {
			isa = PBXResourcesBuildPhase;
			buildActionMask = 2147483647;
			files = (
				D80632591B60363500CE70D1 /* Main.storyboard in Resources */,
				D806325E1B60363500CE70D1 /* LaunchScreen.xib in Resources */,
				D806325B1B60363500CE70D1 /* Images.xcassets in Resources */,
			);
			runOnlyForDeploymentPostprocessing = 0;
		};
		D80632611B60363500CE70D1 /* Resources */ = {
			isa = PBXResourcesBuildPhase;
			buildActionMask = 2147483647;
			files = (
			);
			runOnlyForDeploymentPostprocessing = 0;
		};
/* End PBXResourcesBuildPhase section */

/* Begin PBXSourcesBuildPhase section */
		D806324A1B60363500CE70D1 /* Sources */ = {
			isa = PBXSourcesBuildPhase;
			buildActionMask = 2147483647;
			files = (
				D80632561B60363500CE70D1 /* ViewController.swift in Sources */,
				D80632741B6044C500CE70D1 /* TableViewController.swift in Sources */,
				D80632541B60363500CE70D1 /* AppDelegate.swift in Sources */,
			);
			runOnlyForDeploymentPostprocessing = 0;
		};
		D806325F1B60363500CE70D1 /* Sources */ = {
			isa = PBXSourcesBuildPhase;
			buildActionMask = 2147483647;
			files = (
				D806326A1B60363500CE70D1 /* My_favorite_placesTests.swift in Sources */,
			);
			runOnlyForDeploymentPostprocessing = 0;
		};
/* End PBXSourcesBuildPhase section */

/* Begin PBXTargetDependency section */
		D80632651B60363500CE70D1 /* PBXTargetDependency */ = {
			isa = PBXTargetDependency;
			target = D806324D1B60363500CE70D1 /* My favorite places */;
			targetProxy = D80632641B60363500CE70D1 /* PBXContainerItemProxy */;
		};
/* End PBXTargetDependency section */

/* Begin PBXVariantGroup section */
		D80632571B60363500CE70D1 /* Main.storyboard */ = {
			isa = PBXVariantGroup;
			children = (
				D80632581B60363500CE70D1 /* Base */,
			);
			name = Main.storyboard;
			sourceTree = "<group>";
		};
		D806325C1B60363500CE70D1 /* LaunchScreen.xib */ = {
			isa = PBXVariantGroup;
			children = (
				D806325D1B60363500CE70D1 /* Base */,
			);
			name = LaunchScreen.xib;
			sourceTree = "<group>";
		};
/* End PBXVariantGroup section */

/* Begin XCBuildConfiguration section */
		D806326B1B60363500CE70D1 /* Debug */ = {
			isa = XCBuildConfiguration;
			buildSettings = {
				ALWAYS_SEARCH_USER_PATHS = NO;
				CLANG_CXX_LANGUAGE_STANDARD = "gnu++0x";
				CLANG_CXX_LIBRARY = "libc++";
				CLANG_ENABLE_MODULES = YES;
				CLANG_ENABLE_OBJC_ARC = YES;
				CLANG_WARN_BOOL_CONVERSION = YES;
				CLANG_WARN_CONSTANT_CONVERSION = YES;
				CLANG_WARN_DIRECT_OBJC_ISA_USAGE = YES_ERROR;
				CLANG_WARN_EMPTY_BODY = YES;
				CLANG_WARN_ENUM_CONVERSION = YES;
				CLANG_WARN_INT_CONVERSION = YES;
				CLANG_WARN_OBJC_ROOT_CLASS = YES_ERROR;
				CLANG_WARN_UNREACHABLE_CODE = YES;
				CLANG_WARN__DUPLICATE_METHOD_MATCH = YES;
				"CODE_SIGN_IDENTITY[sdk=iphoneos*]" = "iPhone Developer";
				COPY_PHASE_STRIP = NO;
				DEBUG_INFORMATION_FORMAT = "dwarf-with-dsym";
				ENABLE_STRICT_OBJC_MSGSEND = YES;
				GCC_C_LANGUAGE_STANDARD = gnu99;
				GCC_DYNAMIC_NO_PIC = NO;
				GCC_NO_COMMON_BLOCKS = YES;
				GCC_OPTIMIZATION_LEVEL = 0;
				GCC_PREPROCESSOR_DEFINITIONS = (
					"DEBUG=1",
					"$(inherited)",
				);
				GCC_SYMBOLS_PRIVATE_EXTERN = NO;
				GCC_WARN_64_TO_32_BIT_CONVERSION = YES;
				GCC_WARN_ABOUT_RETURN_TYPE = YES_ERROR;
				GCC_WARN_UNDECLARED_SELECTOR = YES;
				GCC_WARN_UNINITIALIZED_AUTOS = YES_AGGRESSIVE;
				GCC_WARN_UNUSED_FUNCTION = YES;
				GCC_WARN_UNUSED_VARIABLE = YES;
				IPHONEOS_DEPLOYMENT_TARGET = 8.4;
				MTL_ENABLE_DEBUG_INFO = YES;
				ONLY_ACTIVE_ARCH = YES;
				SDKROOT = iphoneos;
				SWIFT_OPTIMIZATION_LEVEL = "-Onone";
			};
			name = Debug;
		};
		D806326C1B60363500CE70D1 /* Release */ = {
			isa = XCBuildConfiguration;
			buildSettings = {
				ALWAYS_SEARCH_USER_PATHS = NO;
				CLANG_CXX_LANGUAGE_STANDARD = "gnu++0x";
				CLANG_CXX_LIBRARY = "libc++";
				CLANG_ENABLE_MODULES = YES;
				CLANG_ENABLE_OBJC_ARC = YES;
				CLANG_WARN_BOOL_CONVERSION = YES;
				CLANG_WARN_CONSTANT_CONVERSION = YES;
				CLANG_WARN_DIRECT_OBJC_ISA_USAGE = YES_ERROR;
				CLANG_WARN_EMPTY_BODY = YES;
				CLANG_WARN_ENUM_CONVERSION = YES;
				CLANG_WARN_INT_CONVERSION = YES;
				CLANG_WARN_OBJC_ROOT_CLASS = YES_ERROR;
				CLANG_WARN_UNREACHABLE_CODE = YES;
				CLANG_WARN__DUPLICATE_METHOD_MATCH = YES;
				"CODE_SIGN_IDENTITY[sdk=iphoneos*]" = "iPhone Developer";
				COPY_PHASE_STRIP = NO;
				DEBUG_INFORMATION_FORMAT = "dwarf-with-dsym";
				ENABLE_NS_ASSERTIONS = NO;
				ENABLE_STRICT_OBJC_MSGSEND = YES;
				GCC_C_LANGUAGE_STANDARD = gnu99;
				GCC_NO_COMMON_BLOCKS = YES;
				GCC_WARN_64_TO_32_BIT_CONVERSION = YES;
				GCC_WARN_ABOUT_RETURN_TYPE = YES_ERROR;
				GCC_WARN_UNDECLARED_SELECTOR = YES;
				GCC_WARN_UNINITIALIZED_AUTOS = YES_AGGRESSIVE;
				GCC_WARN_UNUSED_FUNCTION = YES;
				GCC_WARN_UNUSED_VARIABLE = YES;
				IPHONEOS_DEPLOYMENT_TARGET = 8.4;
				MTL_ENABLE_DEBUG_INFO = NO;
				SDKROOT = iphoneos;
				VALIDATE_PRODUCT = YES;
			};
			name = Release;
		};
		D806326E1B60363500CE70D1 /* Debug */ = {
			isa = XCBuildConfiguration;
			buildSettings = {
				ASSETCATALOG_COMPILER_APPICON_NAME = AppIcon;
				INFOPLIST_FILE = "My favorite places/Info.plist";
				LD_RUNPATH_SEARCH_PATHS = "$(inherited) @executable_path/Frameworks";
				PRODUCT_NAME = "$(TARGET_NAME)";
			};
			name = Debug;
		};
		D806326F1B60363500CE70D1 /* Release */ = {
			isa = XCBuildConfiguration;
			buildSettings = {
				ASSETCATALOG_COMPILER_APPICON_NAME = AppIcon;
				INFOPLIST_FILE = "My favorite places/Info.plist";
				LD_RUNPATH_SEARCH_PATHS = "$(inherited) @executable_path/Frameworks";
				PRODUCT_NAME = "$(TARGET_NAME)";
			};
			name = Release;
		};
		D80632711B60363500CE70D1 /* Debug */ = {
			isa = XCBuildConfiguration;
			buildSettings = {
				BUNDLE_LOADER = "$(TEST_HOST)";
				FRAMEWORK_SEARCH_PATHS = (
					"$(SDKROOT)/Developer/Library/Frameworks",
					"$(inherited)",
				);
				GCC_PREPROCESSOR_DEFINITIONS = (
					"DEBUG=1",
					"$(inherited)",
				);
				INFOPLIST_FILE = "My favorite placesTests/Info.plist";
				LD_RUNPATH_SEARCH_PATHS = "$(inherited) @executable_path/Frameworks @loader_path/Frameworks";
				PRODUCT_NAME = "$(TARGET_NAME)";
				TEST_HOST = "$(BUILT_PRODUCTS_DIR)/My favorite places.app/My favorite places";
			};
			name = Debug;
		};
		D80632721B60363500CE70D1 /* Release */ = {
			isa = XCBuildConfiguration;
			buildSettings = {
				BUNDLE_LOADER = "$(TEST_HOST)";
				FRAMEWORK_SEARCH_PATHS = (
					"$(SDKROOT)/Developer/Library/Frameworks",
					"$(inherited)",
				);
				INFOPLIST_FILE = "My favorite placesTests/Info.plist";
				LD_RUNPATH_SEARCH_PATHS = "$(inherited) @executable_path/Frameworks @loader_path/Frameworks";
				PRODUCT_NAME = "$(TARGET_NAME)";
				TEST_HOST = "$(BUILT_PRODUCTS_DIR)/My favorite places.app/My favorite places";
			};
			name = Release;
		};
/* End XCBuildConfiguration section */

/* Begin XCConfigurationList section */
		D80632491B60363500CE70D1 /* Build configuration list for PBXProject "My favorite places" */ = {
			isa = XCConfigurationList;
			buildConfigurations = (
				D806326B1B60363500CE70D1 /* Debug */,
				D806326C1B60363500CE70D1 /* Release */,
			);
			defaultConfigurationIsVisible = 0;
			defaultConfigurationName = Release;
		};
		D806326D1B60363500CE70D1 /* Build configuration list for PBXNativeTarget "My favorite places" */ = {
			isa = XCConfigurationList;
			buildConfigurations = (
				D806326E1B60363500CE70D1 /* Debug */,
				D806326F1B60363500CE70D1 /* Release */,
			);
			defaultConfigurationIsVisible = 0;
		};
		D80632701B60363500CE70D1 /* Build configuration list for PBXNativeTarget "My favorite placesTests" */ = {
			isa = XCConfigurationList;
			buildConfigurations = (
				D80632711B60363500CE70D1 /* Debug */,
				D80632721B60363500CE70D1 /* Release */,
			);
			defaultConfigurationIsVisible = 0;
		};
/* End XCConfigurationList section */
	};
	rootObject = D80632461B60363500CE70D1 /* Project object */;
}
